
Microsoft Visual Studio Solution File, Format Version 12.00
# Visual Studio Version 16
VisualStudioVersion = 16.0.32106.194
MinimumVisualStudioVersion = 10.0.40219.1
Project("{FAE04EC0-301F-11D3-BF4B-00C04F79EFBC}") = "proyecto5", "proyecto5.csproj", "{22461C08-572B-4211-AF81-83D20A24A09D}"
EndProject
Global
	GlobalSection(SolutionConfigurationPlatforms) = preSolution
		Debug|Any CPU = Debug|Any CPU
		Release|Any CPU = Release|Any CPU
	EndGlobalSection
	GlobalSection(ProjectConfigurationPlatforms) = postSolution
		{22461C08-572B-4211-AF81-83D20A24A09D}.Debug|Any CPU.ActiveCfg = Debug|Any CPU
		{22461C08-572B-4211-AF81-83D20A24A09D}.Debug|Any CPU.Build.0 = Debug|Any CPU
		{22461C08-572B-4211-AF81-83D20A24A09D}.Release|Any CPU.ActiveCfg = Release|Any CPU
		{22461C08-572B-4211-AF81-83D20A24A09D}.Release|Any CPU.Build.0 = Release|Any CPU
	EndGlobalSection
	GlobalSection(SolutionProperties) = preSolution
		HideSolutionNode = FALSE
	EndGlobalSection
	GlobalSection(ExtensibilityGlobals) = postSolution
		SolutionGuid = {62E635F8-CF79-4060-9590-2088210F69D5}
	EndGlobalSection
EndGlobal
