
Microsoft Visual Studio Solution File, Format Version 12.00
# Visual Studio Version 16
VisualStudioVersion = 16.0.32106.194
MinimumVisualStudioVersion = 10.0.40219.1
Project("{FAE04EC0-301F-11D3-BF4B-00C04F79EFBC}") = "proyecto3", "proyecto3.csproj", "{A9FE794E-EB42-4C2F-9738-F536ED50CEC8}"
EndProject
Global
	GlobalSection(SolutionConfigurationPlatforms) = preSolution
		Debug|Any CPU = Debug|Any CPU
		Release|Any CPU = Release|Any CPU
	EndGlobalSection
	GlobalSection(ProjectConfigurationPlatforms) = postSolution
		{A9FE794E-EB42-4C2F-9738-F536ED50CEC8}.Debug|Any CPU.ActiveCfg = Debug|Any CPU
		{A9FE794E-EB42-4C2F-9738-F536ED50CEC8}.Debug|Any CPU.Build.0 = Debug|Any CPU
		{A9FE794E-EB42-4C2F-9738-F536ED50CEC8}.Release|Any CPU.ActiveCfg = Release|Any CPU
		{A9FE794E-EB42-4C2F-9738-F536ED50CEC8}.Release|Any CPU.Build.0 = Release|Any CPU
	EndGlobalSection
	GlobalSection(SolutionProperties) = preSolution
		HideSolutionNode = FALSE
	EndGlobalSection
	GlobalSection(ExtensibilityGlobals) = postSolution
		SolutionGuid = {F6327925-3555-4863-9EE8-8D0BD70C6DBE}
	EndGlobalSection
EndGlobal
