
Microsoft Visual Studio Solution File, Format Version 12.00
# Visual Studio Version 16
VisualStudioVersion = 16.0.32106.194
MinimumVisualStudioVersion = 10.0.40219.1
Project("{FAE04EC0-301F-11D3-BF4B-00C04F79EFBC}") = "Programa7", "Programa7.csproj", "{B9A0D719-BCEA-4D92-B809-17DDE9A21CD0}"
EndProject
Global
	GlobalSection(SolutionConfigurationPlatforms) = preSolution
		Debug|Any CPU = Debug|Any CPU
		Release|Any CPU = Release|Any CPU
	EndGlobalSection
	GlobalSection(ProjectConfigurationPlatforms) = postSolution
		{B9A0D719-BCEA-4D92-B809-17DDE9A21CD0}.Debug|Any CPU.ActiveCfg = Debug|Any CPU
		{B9A0D719-BCEA-4D92-B809-17DDE9A21CD0}.Debug|Any CPU.Build.0 = Debug|Any CPU
		{B9A0D719-BCEA-4D92-B809-17DDE9A21CD0}.Release|Any CPU.ActiveCfg = Release|Any CPU
		{B9A0D719-BCEA-4D92-B809-17DDE9A21CD0}.Release|Any CPU.Build.0 = Release|Any CPU
	EndGlobalSection
	GlobalSection(SolutionProperties) = preSolution
		HideSolutionNode = FALSE
	EndGlobalSection
	GlobalSection(ExtensibilityGlobals) = postSolution
		SolutionGuid = {927ACCDC-0975-4157-9FFA-7192C3A488E0}
	EndGlobalSection
EndGlobal
